{
  "name": "video-upload-site",
  "lockfileVersion": 3,
  "requires": true,
  "packages": {
    "": {
      "dependencies": {
        "@jehankandy/jkcss": "^1.1.0-alpha1"
      }
    },
    "node_modules/@jehankandy/jkcss": {
      "version": "1.1.0-alpha1",
      "resolved": "https://registry.npmjs.org/@jehankandy/jkcss/-/jkcss-1.1.0-alpha1.tgz",
      "integrity": "sha512-y1b9fs4LfSTDA8lTuiKOK01Vt7ZB3IhJE+URZ8O6ro0NvXHOlVLbkILE58xGy+teNN9AWMBjYC91DgvynFHFQw=="
    }
  }
}
